Microsoft Visual Studio Solution File, Format Version 11.00
# Visual Studio 2008

Project("{B45617C6-6811-C30B-AD19-5482680D1314}") = "UnfairRandomDungeon", "Assembly-CSharp.csproj", "{42F07626-3DBF-38D4-5630-B41058BF6DB1}"
EndProject
Global
	GlobalSection(SolutionConfigurationPlatforms) = preSolution
		Debug|Any CPU = Debug|Any CPU
		Release|Any CPU = Release|Any CPU
	EndGlobalSection
	GlobalSection(ProjectConfigurationPlatforms) = postSolution
		{42F07626-3DBF-38D4-5630-B41058BF6DB1}.Debug|Any CPU.ActiveCfg = Debug|Any CPU
		{42F07626-3DBF-38D4-5630-B41058BF6DB1}.Debug|Any CPU.Build.0 = Debug|Any CPU
		{42F07626-3DBF-38D4-5630-B41058BF6DB1}.Release|Any CPU.ActiveCfg = Release|Any CPU
		{42F07626-3DBF-38D4-5630-B41058BF6DB1}.Release|Any CPU.Build.0 = Release|Any CPU
	EndGlobalSection
	GlobalSection(SolutionProperties) = preSolution
		HideSolutionNode = FALSE
	EndGlobalSection
	GlobalSection(MonoDevelopProperties) = preSolution
		StartupItem = Assembly-CSharp.csproj
	EndGlobalSection
EndGlobal
